
Microsoft Visual Studio Solution File, Format Version 12.00
# Visual Studio Version 16
VisualStudioVersion = 16.0.32106.194
MinimumVisualStudioVersion = 10.0.40219.1
Project("{8BC9CEB8-8B4A-11D0-8D11-00A0C91BC942}") = "ConsoleApplication1", "ConsoleApplication1\ConsoleApplication1.vcxproj", "{F03B9F3B-C02D-4270-87C6-711DC0ED2F0D}"
EndProject
Global
	GlobalSection(SolutionConfigurationPlatforms) = preSolution
		Debug|x64 = Debug|x64
		Debug|x86 = Debug|x86
		Release|x64 = Release|x64
		Release|x86 = Release|x86
	EndGlobalSection
	GlobalSection(ProjectConfigurationPlatforms) = postSolution
		{F03B9F3B-C02D-4270-87C6-711DC0ED2F0D}.Debug|x64.ActiveCfg = Debug|x64
		{F03B9F3B-C02D-4270-87C6-711DC0ED2F0D}.Debug|x64.Build.0 = Debug|x64
		{F03B9F3B-C02D-4270-87C6-711DC0ED2F0D}.Debug|x86.ActiveCfg = Debug|Win32
		{F03B9F3B-C02D-4270-87C6-711DC0ED2F0D}.Debug|x86.Build.0 = Debug|Win32
		{F03B9F3B-C02D-4270-87C6-711DC0ED2F0D}.Release|x64.ActiveCfg = Release|x64
		{F03B9F3B-C02D-4270-87C6-711DC0ED2F0D}.Release|x64.Build.0 = Release|x64
		{F03B9F3B-C02D-4270-87C6-711DC0ED2F0D}.Release|x86.ActiveCfg = Release|Win32
		{F03B9F3B-C02D-4270-87C6-711DC0ED2F0D}.Release|x86.Build.0 = Release|Win32
	EndGlobalSection
	GlobalSection(SolutionProperties) = preSolution
		HideSolutionNode = FALSE
	EndGlobalSection
	GlobalSection(ExtensibilityGlobals) = postSolution
		SolutionGuid = {D814D5E2-1A82-4EA0-9877-91FF9CB20822}
	EndGlobalSection
EndGlobal
